<?xml version="1.0" encoding="utf-8"?>
<Project ToolsVersion="4.0" xmlns="http://schemas.microsoft.com/developer/msbuild/2003">
  <ItemGroup>
    <Filter Include="源文件">
      <UniqueIdentifier>{4FC737F1-C7A5-4376-A066-2A32D752A2FF}</UniqueIdentifier>
      <Extensions>cpp;c;cc;cxx;def;odl;idl;hpj;bat;asm;asmx</Extensions>
    </Filter>
    <Filter Include="头文件">
      <UniqueIdentifier>{93995380-89BD-4b04-88EB-625FBE52EBFB}</UniqueIdentifier>
      <Extensions>h;hh;hpp;hxx;hm;inl;inc;xsd</Extensions>
    </Filter>
    <Filter Include="资源文件">
      <UniqueIdentifier>{67DA6AB6-F800-4c08-8B7A-83BB121AAD01}</UniqueIdentifier>
      <Extensions>rc;ico;cur;bmp;dlg;rc2;rct;bin;rgs;gif;jpg;jpeg;jpe;resx;tiff;tif;png;wav;mfcribbon-ms</Extensions>
    </Filter>
  </ItemGroup>
  <ItemGroup>
    <ClInclude Include="..\include\etcd\Client.hpp">
      <Filter>头文件</Filter>
    </ClInclude>
    <ClInclude Include="..\include\etcd\Response.hpp">
      <Filter>头文件</Filter>
    </ClInclude>
    <ClInclude Include="..\include\etcd\SyncClient.hpp">
      <Filter>头文件</Filter>
    </ClInclude>
    <ClInclude Include="..\include\etcd\Value.hpp">
      <Filter>头文件</Filter>
    </ClInclude>
    <ClInclude Include="..\include\etcd\Watcher.hpp">
      <Filter>头文件</Filter>
    </ClInclude>
    <ClInclude Include="..\include\proto\auth.grpc.pb.h">
      <Filter>头文件</Filter>
    </ClInclude>
    <ClInclude Include="..\include\proto\auth.pb.h">
      <Filter>头文件</Filter>
    </ClInclude>
    <ClInclude Include="..\include\proto\etcdserver.grpc.pb.h">
      <Filter>头文件</Filter>
    </ClInclude>
    <ClInclude Include="..\include\proto\etcdserver.pb.h">
      <Filter>头文件</Filter>
    </ClInclude>
    <ClInclude Include="..\include\proto\kv.grpc.pb.h">
      <Filter>头文件</Filter>
    </ClInclude>
    <ClInclude Include="..\include\proto\kv.pb.h">
      <Filter>头文件</Filter>
    </ClInclude>
    <ClInclude Include="..\include\proto\rpc.grpc.pb.h">
      <Filter>头文件</Filter>
    </ClInclude>
    <ClInclude Include="..\include\proto\rpc.pb.h">
      <Filter>头文件</Filter>
    </ClInclude>
    <ClInclude Include="..\include\v3\Action.hpp">
      <Filter>头文件</Filter>
    </ClInclude>
    <ClInclude Include="..\include\v3\action_constants.hpp">
      <Filter>头文件</Filter>
    </ClInclude>
    <ClInclude Include="..\include\v3\AsyncCompareAndDeleteAction.hpp">
      <Filter>头文件</Filter>
    </ClInclude>
    <ClInclude Include="..\include\v3\AsyncCompareAndSwapAction.hpp">
      <Filter>头文件</Filter>
    </ClInclude>
    <ClInclude Include="..\include\v3\AsyncDeleteAction.hpp">
      <Filter>头文件</Filter>
    </ClInclude>
    <ClInclude Include="..\include\v3\AsyncDeleteRangeResponse.hpp">
      <Filter>头文件</Filter>
    </ClInclude>
    <ClInclude Include="..\include\v3\AsyncGetAction.hpp">
      <Filter>头文件</Filter>
    </ClInclude>
    <ClInclude Include="..\include\v3\AsyncLeaseGrantAction.hpp">
      <Filter>头文件</Filter>
    </ClInclude>
    <ClInclude Include="..\include\v3\AsyncLeaseGrantResponse.hpp">
      <Filter>头文件</Filter>
    </ClInclude>
    <ClInclude Include="..\include\v3\AsyncRangeResponse.hpp">
      <Filter>头文件</Filter>
    </ClInclude>
    <ClInclude Include="..\include\v3\AsyncSetAction.hpp">
      <Filter>头文件</Filter>
    </ClInclude>
    <ClInclude Include="..\include\v3\AsyncTxnResponse.hpp">
      <Filter>头文件</Filter>
    </ClInclude>
    <ClInclude Include="..\include\v3\AsyncUpdateAction.hpp">
      <Filter>头文件</Filter>
    </ClInclude>
    <ClInclude Include="..\include\v3\AsyncWatchAction.hpp">
      <Filter>头文件</Filter>
    </ClInclude>
    <ClInclude Include="..\include\v3\AsyncWatchResponse.hpp">
      <Filter>头文件</Filter>
    </ClInclude>
    <ClInclude Include="..\include\v3\KeyValue.hpp">
      <Filter>头文件</Filter>
    </ClInclude>
    <ClInclude Include="..\include\v3\Transaction.hpp">
      <Filter>头文件</Filter>
    </ClInclude>
    <ClInclude Include="..\include\v3\V3Response.hpp">
      <Filter>头文件</Filter>
    </ClInclude>
    <ClInclude Include="..\include\catch.hpp">
      <Filter>头文件</Filter>
    </ClInclude>
    <ClInclude Include="..\include\v3\AsyncLeaseKeepAliveResponse.hpp">
      <Filter>头文件</Filter>
    </ClInclude>
    <ClInclude Include="..\include\v3\AsyncLeaseKeepAliveAction.hpp">
      <Filter>头文件</Filter>
    </ClInclude>
    <ClInclude Include="..\include\VS_MicroService.h">
      <Filter>头文件</Filter>
    </ClInclude>
  </ItemGroup>
  <ItemGroup>
    <ClCompile Include="..\src\Client.cpp">
      <Filter>源文件</Filter>
    </ClCompile>
    <ClCompile Include="..\src\Response.cpp">
      <Filter>源文件</Filter>
    </ClCompile>
    <ClCompile Include="..\src\SyncClient.cpp">
      <Filter>源文件</Filter>
    </ClCompile>
    <ClCompile Include="..\src\Value.cpp">
      <Filter>源文件</Filter>
    </ClCompile>
    <ClCompile Include="..\src\Watcher.cpp">
      <Filter>源文件</Filter>
    </ClCompile>
    <ClCompile Include="..\src\v3\Action.cpp">
      <Filter>源文件</Filter>
    </ClCompile>
    <ClCompile Include="..\src\v3\action_constants.cpp">
      <Filter>源文件</Filter>
    </ClCompile>
    <ClCompile Include="..\src\v3\AsyncCompareAndDeleteAction.cpp">
      <Filter>源文件</Filter>
    </ClCompile>
    <ClCompile Include="..\src\v3\AsyncCompareAndSwapAction.cpp">
      <Filter>源文件</Filter>
    </ClCompile>
    <ClCompile Include="..\src\v3\AsyncDeleteAction.cpp">
      <Filter>源文件</Filter>
    </ClCompile>
    <ClCompile Include="..\src\v3\AsyncDeleteRangeResponse.cpp">
      <Filter>源文件</Filter>
    </ClCompile>
    <ClCompile Include="..\src\v3\AsyncGetAction.cpp">
      <Filter>源文件</Filter>
    </ClCompile>
    <ClCompile Include="..\src\v3\AsyncLeaseGrantAction.cpp">
      <Filter>源文件</Filter>
    </ClCompile>
    <ClCompile Include="..\src\v3\AsyncLeaseGrantResponse.cpp">
      <Filter>源文件</Filter>
    </ClCompile>
    <ClCompile Include="..\src\v3\AsyncRangeResponse.cpp">
      <Filter>源文件</Filter>
    </ClCompile>
    <ClCompile Include="..\src\v3\AsyncSetAction.cpp">
      <Filter>源文件</Filter>
    </ClCompile>
    <ClCompile Include="..\src\v3\AsyncTxnResponse.cpp">
      <Filter>源文件</Filter>
    </ClCompile>
    <ClCompile Include="..\src\v3\AsyncUpdateAction.cpp">
      <Filter>源文件</Filter>
    </ClCompile>
    <ClCompile Include="..\src\v3\AsyncWatchAction.cpp">
      <Filter>源文件</Filter>
    </ClCompile>
    <ClCompile Include="..\src\v3\AsyncWatchResponse.cpp">
      <Filter>源文件</Filter>
    </ClCompile>
    <ClCompile Include="..\src\v3\KeyValue.cpp">
      <Filter>源文件</Filter>
    </ClCompile>
    <ClCompile Include="..\src\v3\Transaction.cpp">
      <Filter>源文件</Filter>
    </ClCompile>
    <ClCompile Include="..\src\v3\V3Response.cpp">
      <Filter>源文件</Filter>
    </ClCompile>
    <ClCompile Include="..\src\proto\auth.grpc.pb.cc">
      <Filter>源文件</Filter>
    </ClCompile>
    <ClCompile Include="..\src\proto\auth.pb.cc">
      <Filter>源文件</Filter>
    </ClCompile>
    <ClCompile Include="..\src\proto\etcdserver.grpc.pb.cc">
      <Filter>源文件</Filter>
    </ClCompile>
    <ClCompile Include="..\src\proto\etcdserver.pb.cc">
      <Filter>源文件</Filter>
    </ClCompile>
    <ClCompile Include="..\src\proto\etcdv3_kv.pb.cc">
      <Filter>源文件</Filter>
    </ClCompile>
    <ClCompile Include="..\src\proto\etcdv3_rpc.grpc.pb.cc">
      <Filter>源文件</Filter>
    </ClCompile>
    <ClCompile Include="..\src\proto\etcdv3_rpc.pb.cc">
      <Filter>源文件</Filter>
    </ClCompile>
    <ClCompile Include="..\src\proto\kv.grpc.pb.cc">
      <Filter>源文件</Filter>
    </ClCompile>
    <ClCompile Include="..\src\v3\AsyncLeaseKeepAliveResponse.cpp">
      <Filter>源文件</Filter>
    </ClCompile>
    <ClCompile Include="..\src\v3\AsyncLeaseKeepAliveAction.cpp">
      <Filter>源文件</Filter>
    </ClCompile>
    <ClCompile Include="..\src\VS_MicroService.cpp">
      <Filter>源文件</Filter>
    </ClCompile>
    <ClCompile Include="..\src\main.cpp">
      <Filter>源文件</Filter>
    </ClCompile>
  </ItemGroup>
  <ItemGroup>
    <None Include="packages.config" />
  </ItemGroup>
</Project>